
Microsoft Visual Studio Solution File, Format Version 12.00
# Visual Studio 15
VisualStudioVersion = 15.0.27428.2002
MinimumVisualStudioVersion = 10.0.40219.1
Project("{FAE04EC0-301F-11D3-BF4B-00C04F79EFBC}") = "Frogger", "Frogger\Frogger.csproj", "{12672382-7C77-41A9-9938-1E8D78E75D13}"
EndProject
Global
	GlobalSection(SolutionConfigurationPlatforms) = preSolution
		Debug|Any CPU = Debug|Any CPU
		Release|Any CPU = Release|Any CPU
	EndGlobalSection
	GlobalSection(ProjectConfigurationPlatforms) = postSolution
		{12672382-7C77-41A9-9938-1E8D78E75D13}.Debug|Any CPU.ActiveCfg = Debug|Any CPU
		{12672382-7C77-41A9-9938-1E8D78E75D13}.Debug|Any CPU.Build.0 = Debug|Any CPU
		{12672382-7C77-41A9-9938-1E8D78E75D13}.Release|Any CPU.ActiveCfg = Release|Any CPU
		{12672382-7C77-41A9-9938-1E8D78E75D13}.Release|Any CPU.Build.0 = Release|Any CPU
	EndGlobalSection
	GlobalSection(SolutionProperties) = preSolution
		HideSolutionNode = FALSE
	EndGlobalSection
	GlobalSection(ExtensibilityGlobals) = postSolution
		SolutionGuid = {57E9AB30-53F8-4838-BDDA-6CB6B271A99E}
	EndGlobalSection
EndGlobal
